schema: '2.0'
stages:
  ingest:
    cmd: python scripts/pull_historical.py --days 1 --interval 1m
    outs:
    - path: data/raw
      hash: md5
      md5: 23230c0805ba53121d37d01ceadc0081.dir
      size: 18439588
      nfiles: 143
  featurize:
    cmd: python scripts/run_featurize.py --idle-rounds 3
    deps:
    - path: data/raw
      hash: md5
      md5: 23230c0805ba53121d37d01ceadc0081.dir
      size: 18439588
      nfiles: 143
    outs:
    - path: data/features
      hash: md5
      md5: 7066cdeaa7e2ad8101602de38a323538.dir
      size: 4795462
      nfiles: 21
