schema: '2.0'
stages:
  ingest:
    cmd: python scripts/pull_historical.py --days 1 --interval 1m
    outs:
    - path: data/raw
      hash: md5
      md5: eb2545403e2e272acb73187bbd3b95df.dir
      size: 19519149
      nfiles: 112
  featurize:
    cmd: python scripts/run_featurize.py --idle-rounds 3
    deps:
    - path: data/raw
      hash: md5
      md5: eb2545403e2e272acb73187bbd3b95df.dir
      size: 19519149
      nfiles: 112
    outs:
    - path: data/features
      hash: md5
      md5: bc0daed4616876d6f6d00de9f74656ed.dir
      size: 3293750
      nfiles: 16
