schema: '2.0'
stages:
  ingest:
    cmd: python scripts/pull_historical.py --days 1 --interval 1m
    outs:
    - path: data/raw
      hash: md5
      md5: 110fe9f5d5af02678a7e62a8e71fc492.dir
      size: 17469933
      nfiles: 125
  featurize:
    cmd: python scripts/run_featurize.py --idle-rounds 3
    deps:
    - path: data/raw
      hash: md5
      md5: 110fe9f5d5af02678a7e62a8e71fc492.dir
      size: 17469933
      nfiles: 125
    outs:
    - path: data/features
      hash: md5
      md5: e7a03417fb9bfaffa31c5e38bc1db76a.dir
      size: 3899961
      nfiles: 18
